
Microsoft Visual Studio Solution File, Format Version 12.00
# Visual Studio 2015
Project("{FAE04EC0-301F-11D3-BF4B-00C04F79EFBC}") = "DesignPattern-StrategyPattern.CSharp", "DesignPattern-StrategyPattern.CSharp.csproj", "{B21084A9-9E2F-E3E9-0F54-366BE1405468}"
EndProject
Global
	GlobalSection(SolutionConfigurationPlatforms) = preSolution
		Debug|Any CPU = Debug|Any CPU
		Release|Any CPU = Release|Any CPU
	EndGlobalSection
	GlobalSection(ProjectConfigurationPlatforms) = postSolution
		{B21084A9-9E2F-E3E9-0F54-366BE1405468}.Debug|Any CPU.ActiveCfg = Debug|Any CPU
		{B21084A9-9E2F-E3E9-0F54-366BE1405468}.Debug|Any CPU.Build.0 = Debug|Any CPU
		{B21084A9-9E2F-E3E9-0F54-366BE1405468}.Release|Any CPU.ActiveCfg = Release|Any CPU
		{B21084A9-9E2F-E3E9-0F54-366BE1405468}.Release|Any CPU.Build.0 = Release|Any CPU
	EndGlobalSection
	GlobalSection(SolutionProperties) = preSolution
		HideSolutionNode = FALSE
	EndGlobalSection
EndGlobal
