
Microsoft Visual Studio Solution File, Format Version 11.00
# Visual Studio 2010
Project("{FAE04EC0-301F-11D3-BF4B-00C04F79EFBC}") = "Assembly-CSharp", "Assembly-CSharp.csproj", "{cfe3a899-1fed-5338-56cb-34a98fae418d}"
EndProject
Project("{FAE04EC0-301F-11D3-BF4B-00C04F79EFBC}") = "Assembly-CSharp-Editor", "Assembly-CSharp-Editor.csproj", "{42e34504-f916-86c6-d3ab-bb4c81d41dbf}"
EndProject
Global
	GlobalSection(SolutionConfigurationPlatforms) = preSolution
		Debug|Any CPU = Debug|Any CPU
	EndGlobalSection
	GlobalSection(ProjectConfigurationPlatforms) = postSolution
		{cfe3a899-1fed-5338-56cb-34a98fae418d}.Debug|Any CPU.ActiveCfg = Debug|Any CPU
		{cfe3a899-1fed-5338-56cb-34a98fae418d}.Debug|Any CPU.Build.0 = Debug|Any CPU
		{42e34504-f916-86c6-d3ab-bb4c81d41dbf}.Debug|Any CPU.ActiveCfg = Debug|Any CPU
		{42e34504-f916-86c6-d3ab-bb4c81d41dbf}.Debug|Any CPU.Build.0 = Debug|Any CPU
	EndGlobalSection
	GlobalSection(SolutionProperties) = preSolution
		HideSolutionNode = FALSE
	EndGlobalSection
EndGlobal
